
Microsoft Visual Studio Solution File, Format Version 12.00
# Visual Studio Version 17
VisualStudioVersion = 17.7.34024.191
MinimumVisualStudioVersion = 10.0.40219.1
Project("{9A19103F-16F7-4668-BE54-9A1E7A4F7556}") = "BusinessObject", "BusinessObject\BusinessObject.csproj", "{FCC62A1A-788D-4182-A131-810DF8728C07}"
EndProject
Project("{9A19103F-16F7-4668-BE54-9A1E7A4F7556}") = "DataAccess", "DataAccess\DataAccess.csproj", "{7F4748C6-558E-4A5B-B2D1-A487E6490626}"
EndProject
Project("{9A19103F-16F7-4668-BE54-9A1E7A4F7556}") = "Repository", "Repository\Repository.csproj", "{9204B3E4-BC4C-4E39-91FD-ACA3F6016EDB}"
EndProject
Project("{9A19103F-16F7-4668-BE54-9A1E7A4F7556}") = "MeetMyLecturerWinApp", "MeetMyLecturerWinApp\MeetMyLecturerWinApp.csproj", "{7057FBD1-560F-4E8A-845C-D470955892A8}"
EndProject
Global
	GlobalSection(SolutionConfigurationPlatforms) = preSolution
		Debug|Any CPU = Debug|Any CPU
		Release|Any CPU = Release|Any CPU
	EndGlobalSection
	GlobalSection(ProjectConfigurationPlatforms) = postSolution
		{FCC62A1A-788D-4182-A131-810DF8728C07}.Debug|Any CPU.ActiveCfg = Debug|Any CPU
		{FCC62A1A-788D-4182-A131-810DF8728C07}.Debug|Any CPU.Build.0 = Debug|Any CPU
		{FCC62A1A-788D-4182-A131-810DF8728C07}.Release|Any CPU.ActiveCfg = Release|Any CPU
		{FCC62A1A-788D-4182-A131-810DF8728C07}.Release|Any CPU.Build.0 = Release|Any CPU
		{7F4748C6-558E-4A5B-B2D1-A487E6490626}.Debug|Any CPU.ActiveCfg = Debug|Any CPU
		{7F4748C6-558E-4A5B-B2D1-A487E6490626}.Debug|Any CPU.Build.0 = Debug|Any CPU
		{7F4748C6-558E-4A5B-B2D1-A487E6490626}.Release|Any CPU.ActiveCfg = Release|Any CPU
		{7F4748C6-558E-4A5B-B2D1-A487E6490626}.Release|Any CPU.Build.0 = Release|Any CPU
		{9204B3E4-BC4C-4E39-91FD-ACA3F6016EDB}.Debug|Any CPU.ActiveCfg = Debug|Any CPU
		{9204B3E4-BC4C-4E39-91FD-ACA3F6016EDB}.Debug|Any CPU.Build.0 = Debug|Any CPU
		{9204B3E4-BC4C-4E39-91FD-ACA3F6016EDB}.Release|Any CPU.ActiveCfg = Release|Any CPU
		{9204B3E4-BC4C-4E39-91FD-ACA3F6016EDB}.Release|Any CPU.Build.0 = Release|Any CPU
		{7057FBD1-560F-4E8A-845C-D470955892A8}.Debug|Any CPU.ActiveCfg = Debug|Any CPU
		{7057FBD1-560F-4E8A-845C-D470955892A8}.Debug|Any CPU.Build.0 = Debug|Any CPU
		{7057FBD1-560F-4E8A-845C-D470955892A8}.Release|Any CPU.ActiveCfg = Release|Any CPU
		{7057FBD1-560F-4E8A-845C-D470955892A8}.Release|Any CPU.Build.0 = Release|Any CPU
	EndGlobalSection
	GlobalSection(SolutionProperties) = preSolution
		HideSolutionNode = FALSE
	EndGlobalSection
	GlobalSection(ExtensibilityGlobals) = postSolution
		SolutionGuid = {ABFDCBB3-4A31-40E2-AD6B-2A80E4618F34}
	EndGlobalSection
EndGlobal
